
Microsoft Visual Studio Solution File, Format Version 12.00
# Visual Studio Version 16
VisualStudioVersion = 16.0.30523.141
MinimumVisualStudioVersion = 10.0.40219.1
Project("{FAE04EC0-301F-11D3-BF4B-00C04F79EFBC}") = "Test Interface 1", "Test Interface 1\Test Interface 1.csproj", "{ABFF0D3E-E871-49FB-B203-E26F3613B843}"
EndProject
Global
	GlobalSection(SolutionConfigurationPlatforms) = preSolution
		Debug|Any CPU = Debug|Any CPU
		Release|Any CPU = Release|Any CPU
	EndGlobalSection
	GlobalSection(ProjectConfigurationPlatforms) = postSolution
		{ABFF0D3E-E871-49FB-B203-E26F3613B843}.Debug|Any CPU.ActiveCfg = Debug|Any CPU
		{ABFF0D3E-E871-49FB-B203-E26F3613B843}.Debug|Any CPU.Build.0 = Debug|Any CPU
		{ABFF0D3E-E871-49FB-B203-E26F3613B843}.Release|Any CPU.ActiveCfg = Release|Any CPU
		{ABFF0D3E-E871-49FB-B203-E26F3613B843}.Release|Any CPU.Build.0 = Release|Any CPU
	EndGlobalSection
	GlobalSection(SolutionProperties) = preSolution
		HideSolutionNode = FALSE
	EndGlobalSection
	GlobalSection(ExtensibilityGlobals) = postSolution
		SolutionGuid = {C81BEC14-B7A4-49D3-B7BD-EDC8D0225D08}
	EndGlobalSection
EndGlobal
