
Microsoft Visual Studio Solution File, Format Version 12.00
# Visual Studio Version 16
VisualStudioVersion = 16.0.30523.141
MinimumVisualStudioVersion = 10.0.40219.1
Project("{FAE04EC0-301F-11D3-BF4B-00C04F79EFBC}") = "Test Interface 3", "Test Interface 3\Test Interface 3.csproj", "{427C5042-55C8-42B0-9C7A-642D64902147}"
EndProject
Global
	GlobalSection(SolutionConfigurationPlatforms) = preSolution
		Debug|Any CPU = Debug|Any CPU
		Release|Any CPU = Release|Any CPU
	EndGlobalSection
	GlobalSection(ProjectConfigurationPlatforms) = postSolution
		{427C5042-55C8-42B0-9C7A-642D64902147}.Debug|Any CPU.ActiveCfg = Debug|Any CPU
		{427C5042-55C8-42B0-9C7A-642D64902147}.Debug|Any CPU.Build.0 = Debug|Any CPU
		{427C5042-55C8-42B0-9C7A-642D64902147}.Release|Any CPU.ActiveCfg = Release|Any CPU
		{427C5042-55C8-42B0-9C7A-642D64902147}.Release|Any CPU.Build.0 = Release|Any CPU
	EndGlobalSection
	GlobalSection(SolutionProperties) = preSolution
		HideSolutionNode = FALSE
	EndGlobalSection
	GlobalSection(ExtensibilityGlobals) = postSolution
		SolutionGuid = {76C55244-0E3B-40C6-A8E8-3BF27E92335D}
	EndGlobalSection
EndGlobal
